
Microsoft Visual Studio Solution File, Format Version 12.00
# Visual Studio Version 17
VisualStudioVersion = 17.2.32630.192
MinimumVisualStudioVersion = 10.0.40219.1
Project("{9A19103F-16F7-4668-BE54-9A1E7A4F7556}") = "Manufacture.Api", "Manufacture.Api\Manufacture.Api.csproj", "{81D3B8F6-46D7-4F59-9E0C-E000CF1C9237}"
EndProject
Project("{9A19103F-16F7-4668-BE54-9A1E7A4F7556}") = "SalesBusiness.Api", "SalesBusiness.Api\SalesBusiness.Api.csproj", "{14DDAF86-983B-4B50-83A7-C925C4DE49F9}"
EndProject
Project("{FAE04EC0-301F-11D3-BF4B-00C04F79EFBC}") = "Shared.Models", "Shared.Models\Shared.Models.csproj", "{4C1B3B09-08AC-4E01-8DD0-CC64E5315C0A}"
EndProject
Project("{FAE04EC0-301F-11D3-BF4B-00C04F79EFBC}") = "Api.Gateway", "Api.Gateway\Api.Gateway.csproj", "{FC477EE1-2723-47ED-B9FB-9AACAA9FD939}"
EndProject
Global
	GlobalSection(SolutionConfigurationPlatforms) = preSolution
		Debug|Any CPU = Debug|Any CPU
		Release|Any CPU = Release|Any CPU
	EndGlobalSection
	GlobalSection(ProjectConfigurationPlatforms) = postSolution
		{81D3B8F6-46D7-4F59-9E0C-E000CF1C9237}.Debug|Any CPU.ActiveCfg = Debug|Any CPU
		{81D3B8F6-46D7-4F59-9E0C-E000CF1C9237}.Debug|Any CPU.Build.0 = Debug|Any CPU
		{81D3B8F6-46D7-4F59-9E0C-E000CF1C9237}.Release|Any CPU.ActiveCfg = Release|Any CPU
		{81D3B8F6-46D7-4F59-9E0C-E000CF1C9237}.Release|Any CPU.Build.0 = Release|Any CPU
		{14DDAF86-983B-4B50-83A7-C925C4DE49F9}.Debug|Any CPU.ActiveCfg = Debug|Any CPU
		{14DDAF86-983B-4B50-83A7-C925C4DE49F9}.Debug|Any CPU.Build.0 = Debug|Any CPU
		{14DDAF86-983B-4B50-83A7-C925C4DE49F9}.Release|Any CPU.ActiveCfg = Release|Any CPU
		{14DDAF86-983B-4B50-83A7-C925C4DE49F9}.Release|Any CPU.Build.0 = Release|Any CPU
		{4C1B3B09-08AC-4E01-8DD0-CC64E5315C0A}.Debug|Any CPU.ActiveCfg = Debug|Any CPU
		{4C1B3B09-08AC-4E01-8DD0-CC64E5315C0A}.Debug|Any CPU.Build.0 = Debug|Any CPU
		{4C1B3B09-08AC-4E01-8DD0-CC64E5315C0A}.Release|Any CPU.ActiveCfg = Release|Any CPU
		{4C1B3B09-08AC-4E01-8DD0-CC64E5315C0A}.Release|Any CPU.Build.0 = Release|Any CPU
		{FC477EE1-2723-47ED-B9FB-9AACAA9FD939}.Debug|Any CPU.ActiveCfg = Debug|Any CPU
		{FC477EE1-2723-47ED-B9FB-9AACAA9FD939}.Debug|Any CPU.Build.0 = Debug|Any CPU
		{FC477EE1-2723-47ED-B9FB-9AACAA9FD939}.Release|Any CPU.ActiveCfg = Release|Any CPU
		{FC477EE1-2723-47ED-B9FB-9AACAA9FD939}.Release|Any CPU.Build.0 = Release|Any CPU
	EndGlobalSection
	GlobalSection(SolutionProperties) = preSolution
		HideSolutionNode = FALSE
	EndGlobalSection
	GlobalSection(ExtensibilityGlobals) = postSolution
		SolutionGuid = {2DB106DF-F199-4E58-8EED-FBB77765C054}
	EndGlobalSection
EndGlobal
