
Microsoft Visual Studio Solution File, Format Version 12.00
# Visual Studio Version 17
VisualStudioVersion = 17.2.32630.192
MinimumVisualStudioVersion = 10.0.40219.1
Project("{FAE04EC0-301F-11D3-BF4B-00C04F79EFBC}") = "Manufacture.Api", "Manufacture.Api\Manufacture.Api.csproj", "{81D3B8F6-46D7-4F59-9E0C-E000CF1C9237}"
EndProject
Global
	GlobalSection(SolutionConfigurationPlatforms) = preSolution
		Debug|Any CPU = Debug|Any CPU
		Release|Any CPU = Release|Any CPU
	EndGlobalSection
	GlobalSection(ProjectConfigurationPlatforms) = postSolution
		{81D3B8F6-46D7-4F59-9E0C-E000CF1C9237}.Debug|Any CPU.ActiveCfg = Debug|Any CPU
		{81D3B8F6-46D7-4F59-9E0C-E000CF1C9237}.Debug|Any CPU.Build.0 = Debug|Any CPU
		{81D3B8F6-46D7-4F59-9E0C-E000CF1C9237}.Release|Any CPU.ActiveCfg = Release|Any CPU
		{81D3B8F6-46D7-4F59-9E0C-E000CF1C9237}.Release|Any CPU.Build.0 = Release|Any CPU
	EndGlobalSection
	GlobalSection(SolutionProperties) = preSolution
		HideSolutionNode = FALSE
	EndGlobalSection
	GlobalSection(ExtensibilityGlobals) = postSolution
		SolutionGuid = {2DB106DF-F199-4E58-8EED-FBB77765C054}
	EndGlobalSection
EndGlobal
